
Microsoft Visual Studio Solution File, Format Version 12.00
# Visual Studio Version 16
VisualStudioVersion = 16.0.30225.117
MinimumVisualStudioVersion = 10.0.40219.1
Project("{FAE04EC0-301F-11D3-BF4B-00C04F79EFBC}") = "ServiceManagement", "ServiceManagement.csproj", "{99AE2A43-F033-4F01-B9F3-D61AA61B9EC9}"
EndProject
Global
	GlobalSection(SolutionConfigurationPlatforms) = preSolution
		Debug|Any CPU = Debug|Any CPU
		Release|Any CPU = Release|Any CPU
	EndGlobalSection
	GlobalSection(ProjectConfigurationPlatforms) = postSolution
		{99AE2A43-F033-4F01-B9F3-D61AA61B9EC9}.Debug|Any CPU.ActiveCfg = Debug|Any CPU
		{99AE2A43-F033-4F01-B9F3-D61AA61B9EC9}.Debug|Any CPU.Build.0 = Debug|Any CPU
		{99AE2A43-F033-4F01-B9F3-D61AA61B9EC9}.Release|Any CPU.ActiveCfg = Release|Any CPU
		{99AE2A43-F033-4F01-B9F3-D61AA61B9EC9}.Release|Any CPU.Build.0 = Release|Any CPU
	EndGlobalSection
	GlobalSection(SolutionProperties) = preSolution
		HideSolutionNode = FALSE
	EndGlobalSection
	GlobalSection(ExtensibilityGlobals) = postSolution
		SolutionGuid = {094F2321-4904-409D-92E1-2EB79386CAA4}
	EndGlobalSection
EndGlobal
